{
  "nodes": {
    "async": {
      "flake": false,
      "locked": {
        "lastModified": 1451290400,
        "narHash": "sha256-5nTkAnB6SOsFg9aXOxI5oON9RBByVO3Lq/vrmqHVgw4=",
        "owner": "jwiegley",
        "repo": "emacs-async",
        "rev": "1794ea4955c6eeb62471b232a2d4fd6a6925a2c9",
        "type": "github"
      },
      "original": {
        "owner": "jwiegley",
        "repo": "emacs-async",
        "type": "github"
      }
    },
    "github-linguist": {
      "flake": false,
      "locked": {
        "lastModified": 1648100908,
        "narHash": "sha256-16F7RQHdwpTiqFxrIrK4slsV04DHOvCyDIYRcn8fkf4=",
        "owner": "akirak",
        "repo": "github-linguist.el",
        "rev": "6e3fc58a465e6726dcba6da038f959028c62223b",
        "type": "github"
      },
      "original": {
        "owner": "akirak",
        "repo": "github-linguist.el",
        "type": "github"
      }
    },
    "root": {
      "inputs": {
        "async": "async",
        "github-linguist": "github-linguist"
      }
    }
  },
  "root": "root",
  "version": 7
}
